{"format_version":"1.0","terraform_version":"1.1.4","variables":{"ami":{"value":"ami-0a8b4cd432b1c3063"},"az":{"value":"us-east-1a"}},"planned_values":{"root_module":{"resources":[{"address":"aws_instance.ec2_test","mode":"managed","type":"aws_instance","name":"ec2_test","provider_name":"registry.terraform.io/hashicorp/aws","schema_version":1,"values":{"ami":"ami-0a8b4cd432b1c3063","availability_zone":"us-east-1a","credit_specification":[],"get_password_data":false,"hibernation":null,"iam_instance_profile":null,"instance_type":"t2.micro","launch_template":[],"metadata_options":[{"http_tokens":"required","instance_metadata_tags":"disabled"}],"root_block_device":[{"delete_on_termination":true,"encrypted":true,"tags":null}],"source_dest_check":true,"tags":{"Environment":"Test"},"tags_all":{"Environment":"Test"},"timeouts":null,"volume_tags":null},"sensitive_values":{"capacity_reservation_specification":[],"credit_specification":[],"ebs_block_device":[],"enclave_options":[],"ephemeral_block_device":[],"ipv6_addresses":[],"launch_template":[],"metadata_options":[{}],"network_interface":[],"root_block_device":[{}],"secondary_private_ips":[],"security_groups":[],"tags":{},"tags_all":{},"vpc_security_group_ids":[]}},{"address":"aws_subnet.subnet","mode":"managed","type":"aws_subnet","name":"subnet","provider_name":"registry.terraform.io/hashicorp/aws","schema_version":1,"values":{"assign_ipv6_address_on_creation":false,"availability_zone":"us-east-1a","cidr_block":"172.16.10.0/24","customer_owned_ipv4_pool":null,"enable_dns64":false,"enable_resource_name_dns_a_record_on_launch":false,"enable_resource_name_dns_aaaa_record_on_launch":false,"ipv6_cidr_block":null,"ipv6_native":false,"map_customer_owned_ip_on_launch":null,"map_public_ip_on_launch":false,"outpost_arn":null,"tags":{"Environment":"Test"},"tags_all":{"Environment":"Test"},"timeouts":null},"sensitive_values":{"tags":{},"tags_all":{}}},{"address":"aws_vpc.network","mode":"managed","type":"aws_vpc","name":"network","provider_name":"registry.terraform.io/hashicorp/aws","schema_version":1,"values":{"assign_generated_ipv6_cidr_block":null,"cidr_block":"172.16.0.0/16","enable_dns_support":true,"instance_tenancy":"default","ipv4_ipam_pool_id":null,"ipv4_netmask_length":null,"ipv6_ipam_pool_id":null,"ipv6_netmask_length":null,"tags":{"Enviroment":"Test"},"tags_all":{"Enviroment":"Test"}},"sensitive_values":{"tags":{},"tags_all":{}}}]}},"resource_changes":[{"address":"aws_instance.ec2_test","mode":"managed","type":"aws_instance","name":"ec2_test","provider_name":"registry.terraform.io/hashicorp/aws","change":{"actions":["create"],"before":null,"after":{"ami":"ami-0a8b4cd432b1c3063","availability_zone":"us-east-1a","credit_specification":[],"get_password_data":false,"hibernation":null,"iam_instance_profile":null,"instance_type":"t2.micro","launch_template":[],"metadata_options":[{"http_tokens":"required","instance_metadata_tags":"disabled"}],"root_block_device":[{"delete_on_termination":true,"encrypted":true,"tags":null}],"source_dest_check":true,"tags":{"Environment":"Test"},"tags_all":{"Environment":"Test"},"timeouts":null,"volume_tags":null},"after_unknown":{"arn":true,"associate_public_ip_address":true,"capacity_reservation_specification":true,"cpu_core_count":true,"cpu_threads_per_core":true,"credit_specification":[],"disable_api_termination":true,"ebs_block_device":true,"ebs_optimized":true,"enclave_options":true,"ephemeral_block_device":true,"host_id":true,"id":true,"instance_initiated_shutdown_behavior":true,"instance_state":true,"ipv6_address_count":true,"ipv6_addresses":true,"key_name":true,"launch_template":[],"metadata_options":[{"http_endpoint":true,"http_put_response_hop_limit":true}],"monitoring":true,"network_interface":true,"outpost_arn":true,"password_data":true,"placement_group":true,"placement_partition_number":true,"primary_network_interface_id":true,"private_dns":true,"private_ip":true,"public_dns":true,"public_ip":true,"root_block_device":[{"device_name":true,"iops":true,"kms_key_id":true,"throughput":true,"volume_id":true,"volume_size":true,"volume_type":true}],"secondary_private_ips":true,"security_groups":true,"subnet_id":true,"tags":{},"tags_all":{},"tenancy":true,"user_data":true,"user_data_base64":true,"vpc_security_group_ids":true},"before_sensitive":false,"after_sensitive":{"capacity_reservation_specification":[],"credit_specification":[],"ebs_block_device":[],"enclave_options":[],"ephemeral_block_device":[],"ipv6_addresses":[],"launch_template":[],"metadata_options":[{}],"network_interface":[],"root_block_device":[{}],"secondary_private_ips":[],"security_groups":[],"tags":{},"tags_all":{},"vpc_security_group_ids":[]}}},{"address":"aws_subnet.subnet","mode":"managed","type":"aws_subnet","name":"subnet","provider_name":"registry.terraform.io/hashicorp/aws","change":{"actions":["create"],"before":null,"after":{"assign_ipv6_address_on_creation":false,"availability_zone":"us-east-1a","cidr_block":"172.16.10.0/24","customer_owned_ipv4_pool":null,"enable_dns64":false,"enable_resource_name_dns_a_record_on_launch":false,"enable_resource_name_dns_aaaa_record_on_launch":false,"ipv6_cidr_block":null,"ipv6_native":false,"map_customer_owned_ip_on_launch":null,"map_public_ip_on_launch":false,"outpost_arn":null,"tags":{"Environment":"Test"},"tags_all":{"Environment":"Test"},"timeouts":null},"after_unknown":{"arn":true,"availability_zone_id":true,"id":true,"ipv6_cidr_block_association_id":true,"owner_id":true,"private_dns_hostname_type_on_launch":true,"tags":{},"tags_all":{},"vpc_id":true},"before_sensitive":false,"after_sensitive":{"tags":{},"tags_all":{}}}},{"address":"aws_vpc.network","mode":"managed","type":"aws_vpc","name":"network","provider_name":"registry.terraform.io/hashicorp/aws","change":{"actions":["create"],"before":null,"after":{"assign_generated_ipv6_cidr_block":null,"cidr_block":"172.16.0.0/16","enable_dns_support":true,"instance_tenancy":"default","ipv4_ipam_pool_id":null,"ipv4_netmask_length":null,"ipv6_ipam_pool_id":null,"ipv6_netmask_length":null,"tags":{"Enviroment":"Test"},"tags_all":{"Enviroment":"Test"}},"after_unknown":{"arn":true,"default_network_acl_id":true,"default_route_table_id":true,"default_security_group_id":true,"dhcp_options_id":true,"enable_classiclink":true,"enable_classiclink_dns_support":true,"enable_dns_hostnames":true,"id":true,"ipv6_association_id":true,"ipv6_cidr_block":true,"ipv6_cidr_block_network_border_group":true,"main_route_table_id":true,"owner_id":true,"tags":{},"tags_all":{}},"before_sensitive":false,"after_sensitive":{"tags":{},"tags_all":{}}}}],"configuration":{"provider_config":{"aws":{"name":"aws","version_constraint":"~\u003e 3.0","expressions":{"region":{"constant_value":"us-east-1"}}}},"root_module":{"resources":[{"address":"aws_instance.ec2_test","mode":"managed","type":"aws_instance","name":"ec2_test","provider_config_key":"aws","expressions":{"ami":{"references":["var.ami"]},"availability_zone":{"references":["var.az"]},"instance_type":{"constant_value":"t2.micro"},"metadata_options":[{"http_tokens":{"constant_value":"required"}}],"root_block_device":[{"encrypted":{"constant_value":true}}],"subnet_id":{"references":["aws_subnet.subnet.id","aws_subnet.subnet"]},"tags":{"constant_value":{"Environment":"Test"}}},"schema_version":1},{"address":"aws_subnet.subnet","mode":"managed","type":"aws_subnet","name":"subnet","provider_config_key":"aws","expressions":{"availability_zone":{"references":["var.az"]},"cidr_block":{"constant_value":"172.16.10.0/24"},"tags":{"constant_value":{"Environment":"Test"}},"vpc_id":{"references":["aws_vpc.network.id","aws_vpc.network"]}},"schema_version":1},{"address":"aws_vpc.network","mode":"managed","type":"aws_vpc","name":"network","provider_config_key":"aws","expressions":{"cidr_block":{"constant_value":"172.16.0.0/16"},"tags":{"constant_value":{"Enviroment":"Test"}}},"schema_version":1}],"variables":{"ami":{"default":"ami-0a8b4cd432b1c3063","description":"AMZ-2 AMI"},"az":{"default":"us-east-1a","description":"Available zone"}}}}}
